
Microsoft Visual Studio Solution File, Format Version 12.00
# Visual Studio 15
VisualStudioVersion = 15.0.28010.2036
MinimumVisualStudioVersion = 10.0.40219.1
Project("{FAE04EC0-301F-11D3-BF4B-00C04F79EFBC}") = "WebApiPrueba", "WebApiPrueba\WebApiPrueba.csproj", "{D83830A1-72CF-4115-B19A-7B2812B8B80B}"
EndProject
Global
	GlobalSection(SolutionConfigurationPlatforms) = preSolution
		Debug|Any CPU = Debug|Any CPU
		Release|Any CPU = Release|Any CPU
	EndGlobalSection
	GlobalSection(ProjectConfigurationPlatforms) = postSolution
		{D83830A1-72CF-4115-B19A-7B2812B8B80B}.Debug|Any CPU.ActiveCfg = Debug|Any CPU
		{D83830A1-72CF-4115-B19A-7B2812B8B80B}.Debug|Any CPU.Build.0 = Debug|Any CPU
		{D83830A1-72CF-4115-B19A-7B2812B8B80B}.Release|Any CPU.ActiveCfg = Release|Any CPU
		{D83830A1-72CF-4115-B19A-7B2812B8B80B}.Release|Any CPU.Build.0 = Release|Any CPU
	EndGlobalSection
	GlobalSection(SolutionProperties) = preSolution
		HideSolutionNode = FALSE
	EndGlobalSection
	GlobalSection(ExtensibilityGlobals) = postSolution
		SolutionGuid = {7345576D-0795-443A-AF15-080EF31A7A29}
	EndGlobalSection
EndGlobal
